
Microsoft Visual Studio Solution File, Format Version 12.00
# Visual Studio Version 17
VisualStudioVersion = 17.5.33627.172
MinimumVisualStudioVersion = 10.0.40219.1
Project("{FAE04EC0-301F-11D3-BF4B-00C04F79EFBC}") = "Win", "text2\Win.csproj", "{9EEB8B5F-8619-4FBC-B538-B350143B65EA}"
EndProject
Global
	GlobalSection(SolutionConfigurationPlatforms) = preSolution
		Debug|Any CPU = Debug|Any CPU
		Release|Any CPU = Release|Any CPU
	EndGlobalSection
	GlobalSection(ProjectConfigurationPlatforms) = postSolution
		{9EEB8B5F-8619-4FBC-B538-B350143B65EA}.Debug|Any CPU.ActiveCfg = Debug|Any CPU
		{9EEB8B5F-8619-4FBC-B538-B350143B65EA}.Debug|Any CPU.Build.0 = Debug|Any CPU
		{9EEB8B5F-8619-4FBC-B538-B350143B65EA}.Release|Any CPU.ActiveCfg = Release|Any CPU
		{9EEB8B5F-8619-4FBC-B538-B350143B65EA}.Release|Any CPU.Build.0 = Release|Any CPU
	EndGlobalSection
	GlobalSection(SolutionProperties) = preSolution
		HideSolutionNode = FALSE
	EndGlobalSection
	GlobalSection(ExtensibilityGlobals) = postSolution
		SolutionGuid = {026FB0C6-21D8-463D-9077-4F813035EAA7}
	EndGlobalSection
EndGlobal
